
Microsoft Visual Studio Solution File, Format Version 12.00
# Visual Studio Version 16
VisualStudioVersion = 16.0.29230.47
MinimumVisualStudioVersion = 10.0.40219.1
Project("{FAE04EC0-301F-11D3-BF4B-00C04F79EFBC}") = "CommandPattern", "CommandPattern.csproj", "{AA88394E-920B-4BB2-8CDB-E428A7BD388C}"
EndProject
Global
	GlobalSection(SolutionConfigurationPlatforms) = preSolution
		Debug|Any CPU = Debug|Any CPU
		Release|Any CPU = Release|Any CPU
	EndGlobalSection
	GlobalSection(ProjectConfigurationPlatforms) = postSolution
		{AA88394E-920B-4BB2-8CDB-E428A7BD388C}.Debug|Any CPU.ActiveCfg = Debug|Any CPU
		{AA88394E-920B-4BB2-8CDB-E428A7BD388C}.Debug|Any CPU.Build.0 = Debug|Any CPU
		{AA88394E-920B-4BB2-8CDB-E428A7BD388C}.Release|Any CPU.ActiveCfg = Release|Any CPU
		{AA88394E-920B-4BB2-8CDB-E428A7BD388C}.Release|Any CPU.Build.0 = Release|Any CPU
	EndGlobalSection
	GlobalSection(SolutionProperties) = preSolution
		HideSolutionNode = FALSE
	EndGlobalSection
	GlobalSection(ExtensibilityGlobals) = postSolution
		SolutionGuid = {84C95301-34C4-40CD-A943-9D9296C09408}
	EndGlobalSection
EndGlobal
